// !$*UTF8*$!
{
	archiveVersion = 1;
	classes = {
	};
	objectVersion = 46;
	objects = {

/* Begin PBXBuildFile section */
		7FBE773B18F6D20900A84455 /* Foundation.framework in Frameworks */ = {isa = PBXBuildFile; fileRef = 7FBE773A18F6D20900A84455 /* Foundation.framework */; };
		7FBE773D18F6D20900A84455 /* CoreGraphics.framework in Frameworks */ = {isa = PBXBuildFile; fileRef = 7FBE773C18F6D20900A84455 /* CoreGraphics.framework */; };
		7FBE773F18F6D20900A84455 /* UIKit.framework in Frameworks */ = {isa = PBXBuildFile; fileRef = 7FBE773E18F6D20900A84455 /* UIKit.framework */; };
		7FBE774518F6D20900A84455 /* InfoPlist.strings in Resources */ = {isa = PBXBuildFile; fileRef = 7FBE774318F6D20900A84455 /* InfoPlist.strings */; };
		7FBE774718F6D20900A84455 /* main.m in Sources */ = {isa = PBXBuildFile; fileRef = 7FBE774618F6D20900A84455 /* main.m */; };
		7FBE774B18F6D20900A84455 /* ISHAppDelegate.m in Sources */ = {isa = PBXBuildFile; fileRef = 7FBE774A18F6D20900A84455 /* ISHAppDelegate.m */; };
		7FBE774D18F6D20900A84455 /* Images.xcassets in Resources */ = {isa = PBXBuildFile; fileRef = 7FBE774C18F6D20900A84455 /* Images.xcassets */; };
		7FBE775418F6D20900A84455 /* XCTest.framework in Frameworks */ = {isa = PBXBuildFile; fileRef = 7FBE775318F6D20900A84455 /* XCTest.framework */; };
		7FBE775518F6D20900A84455 /* Foundation.framework in Frameworks */ = {isa = PBXBuildFile; fileRef = 7FBE773A18F6D20900A84455 /* Foundation.framework */; };
		7FBE775618F6D20900A84455 /* UIKit.framework in Frameworks */ = {isa = PBXBuildFile; fileRef = 7FBE773E18F6D20900A84455 /* UIKit.framework */; };
		7FBE775E18F6D20900A84455 /* InfoPlist.strings in Resources */ = {isa = PBXBuildFile; fileRef = 7FBE775C18F6D20900A84455 /* InfoPlist.strings */; };
		7FBE776018F6D20900A84455 /* GIRIconTests.m in Sources */ = {isa = PBXBuildFile; fileRef = 7FBE775F18F6D20900A84455 /* GIRIconTests.m */; };
/* End PBXBuildFile section */

/* Begin PBXContainerItemProxy section */
		7FBE775718F6D20900A84455 /* PBXContainerItemProxy */ = {
			isa = PBXContainerItemProxy;
			containerPortal = 7FBE772F18F6D20900A84455 /* Project object */;
			proxyType = 1;
			remoteGlobalIDString = 7FBE773618F6D20900A84455;
			remoteInfo = GIRIcon;
		};
/* End PBXContainerItemProxy section */

/* Begin PBXFileReference section */
		7FBE773718F6D20900A84455 /* GIRIcon.app */ = {isa = PBXFileReference; explicitFileType = wrapper.application; includeInIndex = 0; path = GIRIcon.app; sourceTree = BUILT_PRODUCTS_DIR; };
		7FBE773A18F6D20900A84455 /* Foundation.framework */ = {isa = PBXFileReference; lastKnownFileType = wrapper.framework; name = Foundation.framework; path = System/Library/Frameworks/Foundation.framework; sourceTree = SDKROOT; };
		7FBE773C18F6D20900A84455 /* CoreGraphics.framework */ = {isa = PBXFileReference; lastKnownFileType = wrapper.framework; name = CoreGraphics.framework; path = System/Library/Frameworks/CoreGraphics.framework; sourceTree = SDKROOT; };
		7FBE773E18F6D20900A84455 /* UIKit.framework */ = {isa = PBXFileReference; lastKnownFileType = wrapper.framework; name = UIKit.framework; path = System/Library/Frameworks/UIKit.framework; sourceTree = SDKROOT; };
		7FBE774218F6D20900A84455 /* GIRIcon-Info.plist */ = {isa = PBXFileReference; lastKnownFileType = text.plist.xml; path = "GIRIcon-Info.plist"; sourceTree = "<group>"; };
		7FBE774418F6D20900A84455 /* en */ = {isa = PBXFileReference; lastKnownFileType = text.plist.strings; name = en; path = en.lproj/InfoPlist.strings; sourceTree = "<group>"; };
		7FBE774618F6D20900A84455 /* main.m */ = {isa = PBXFileReference; lastKnownFileType = sourcecode.c.objc; path = main.m; sourceTree = "<group>"; };
		7FBE774818F6D20900A84455 /* GIRIcon-Prefix.pch */ = {isa = PBXFileReference; lastKnownFileType = sourcecode.c.h; path = "GIRIcon-Prefix.pch"; sourceTree = "<group>"; };
		7FBE774918F6D20900A84455 /* ISHAppDelegate.h */ = {isa = PBXFileReference; lastKnownFileType = sourcecode.c.h; path = ISHAppDelegate.h; sourceTree = "<group>"; };
		7FBE774A18F6D20900A84455 /* ISHAppDelegate.m */ = {isa = PBXFileReference; lastKnownFileType = sourcecode.c.objc; path = ISHAppDelegate.m; sourceTree = "<group>"; };
		7FBE774C18F6D20900A84455 /* Images.xcassets */ = {isa = PBXFileReference; lastKnownFileType = folder.assetcatalog; path = Images.xcassets; sourceTree = "<group>"; };
		7FBE775218F6D20900A84455 /* GIRIconTests.xctest */ = {isa = PBXFileReference; explicitFileType = wrapper.cfbundle; includeInIndex = 0; path = GIRIconTests.xctest; sourceTree = BUILT_PRODUCTS_DIR; };
		7FBE775318F6D20900A84455 /* XCTest.framework */ = {isa = PBXFileReference; lastKnownFileType = wrapper.framework; name = XCTest.framework; path = Library/Frameworks/XCTest.framework; sourceTree = DEVELOPER_DIR; };
		7FBE775B18F6D20900A84455 /* GIRIconTests-Info.plist */ = {isa = PBXFileReference; lastKnownFileType = text.plist.xml; path = "GIRIconTests-Info.plist"; sourceTree = "<group>"; };
		7FBE775D18F6D20900A84455 /* en */ = {isa = PBXFileReference; lastKnownFileType = text.plist.strings; name = en; path = en.lproj/InfoPlist.strings; sourceTree = "<group>"; };
		7FBE775F18F6D20900A84455 /* GIRIconTests.m */ = {isa = PBXFileReference; lastKnownFileType = sourcecode.c.objc; path = GIRIconTests.m; sourceTree = "<group>"; };
/* End PBXFileReference section */

/* Begin PBXFrameworksBuildPhase section */
		7FBE773418F6D20900A84455 /* Frameworks */ = {
			isa = PBXFrameworksBuildPhase;
			buildActionMask = 2147483647;
			files = (
				7FBE773D18F6D20900A84455 /* CoreGraphics.framework in Frameworks */,
				7FBE773F18F6D20900A84455 /* UIKit.framework in Frameworks */,
				7FBE773B18F6D20900A84455 /* Foundation.framework in Frameworks */,
			);
			runOnlyForDeploymentPostprocessing = 0;
		};
		7FBE774F18F6D20900A84455 /* Frameworks */ = {
			isa = PBXFrameworksBuildPhase;
			buildActionMask = 2147483647;
			files = (
				7FBE775418F6D20900A84455 /* XCTest.framework in Frameworks */,
				7FBE775618F6D20900A84455 /* UIKit.framework in Frameworks */,
				7FBE775518F6D20900A84455 /* Foundation.framework in Frameworks */,
			);
			runOnlyForDeploymentPostprocessing = 0;
		};
/* End PBXFrameworksBuildPhase section */

/* Begin PBXGroup section */
		7FBE772E18F6D20900A84455 = {
			isa = PBXGroup;
			children = (
				7FBE774018F6D20900A84455 /* GIRIcon */,
				7FBE775918F6D20900A84455 /* GIRIconTests */,
				7FBE773918F6D20900A84455 /* Frameworks */,
				7FBE773818F6D20900A84455 /* Products */,
			);
			sourceTree = "<group>";
		};
		7FBE773818F6D20900A84455 /* Products */ = {
			isa = PBXGroup;
			children = (
				7FBE773718F6D20900A84455 /* GIRIcon.app */,
				7FBE775218F6D20900A84455 /* GIRIconTests.xctest */,
			);
			name = Products;
			sourceTree = "<group>";
		};
		7FBE773918F6D20900A84455 /* Frameworks */ = {
			isa = PBXGroup;
			children = (
				7FBE773A18F6D20900A84455 /* Foundation.framework */,
				7FBE773C18F6D20900A84455 /* CoreGraphics.framework */,
				7FBE773E18F6D20900A84455 /* UIKit.framework */,
				7FBE775318F6D20900A84455 /* XCTest.framework */,
			);
			name = Frameworks;
			sourceTree = "<group>";
		};
		7FBE774018F6D20900A84455 /* GIRIcon */ = {
			isa = PBXGroup;
			children = (
				7FBE774918F6D20900A84455 /* ISHAppDelegate.h */,
				7FBE774A18F6D20900A84455 /* ISHAppDelegate.m */,
				7FBE774C18F6D20900A84455 /* Images.xcassets */,
				7FBE774118F6D20900A84455 /* Supporting Files */,
			);
			path = GIRIcon;
			sourceTree = "<group>";
		};
		7FBE774118F6D20900A84455 /* Supporting Files */ = {
			isa = PBXGroup;
			children = (
				7FBE774218F6D20900A84455 /* GIRIcon-Info.plist */,
				7FBE774318F6D20900A84455 /* InfoPlist.strings */,
				7FBE774618F6D20900A84455 /* main.m */,
				7FBE774818F6D20900A84455 /* GIRIcon-Prefix.pch */,
			);
			name = "Supporting Files";
			sourceTree = "<group>";
		};
		7FBE775918F6D20900A84455 /* GIRIconTests */ = {
			isa = PBXGroup;
			children = (
				7FBE775F18F6D20900A84455 /* GIRIconTests.m */,
				7FBE775A18F6D20900A84455 /* Supporting Files */,
			);
			path = GIRIconTests;
			sourceTree = "<group>";
		};
		7FBE775A18F6D20900A84455 /* Supporting Files */ = {
			isa = PBXGroup;
			children = (
				7FBE775B18F6D20900A84455 /* GIRIconTests-Info.plist */,
				7FBE775C18F6D20900A84455 /* InfoPlist.strings */,
			);
			name = "Supporting Files";
			sourceTree = "<group>";
		};
/* End PBXGroup section */

/* Begin PBXNativeTarget section */
		7FBE773618F6D20900A84455 /* GIRIcon */ = {
			isa = PBXNativeTarget;
			buildConfigurationList = 7FBE776318F6D20900A84455 /* Build configuration list for PBXNativeTarget "GIRIcon" */;
			buildPhases = (
				7FBE773318F6D20900A84455 /* Sources */,
				7FBE773418F6D20900A84455 /* Frameworks */,
				7FBE773518F6D20900A84455 /* Resources */,
			);
			buildRules = (
			);
			dependencies = (
			);
			name = GIRIcon;
			productName = GIRIcon;
			productReference = 7FBE773718F6D20900A84455 /* GIRIcon.app */;
			productType = "com.apple.product-type.application";
		};
		7FBE775118F6D20900A84455 /* GIRIconTests */ = {
			isa = PBXNativeTarget;
			buildConfigurationList = 7FBE776618F6D20900A84455 /* Build configuration list for PBXNativeTarget "GIRIconTests" */;
			buildPhases = (
				7FBE774E18F6D20900A84455 /* Sources */,
				7FBE774F18F6D20900A84455 /* Frameworks */,
				7FBE775018F6D20900A84455 /* Resources */,
			);
			buildRules = (
			);
			dependencies = (
				7FBE775818F6D20900A84455 /* PBXTargetDependency */,
			);
			name = GIRIconTests;
			productName = GIRIconTests;
			productReference = 7FBE775218F6D20900A84455 /* GIRIconTests.xctest */;
			productType = "com.apple.product-type.bundle.unit-test";
		};
/* End PBXNativeTarget section */

/* Begin PBXProject section */
		7FBE772F18F6D20900A84455 /* Project object */ = {
			isa = PBXProject;
			attributes = {
				CLASSPREFIX = ISH;
				LastUpgradeCheck = 0510;
				ORGANIZATIONNAME = "Yosuke Ishikawa";
				TargetAttributes = {
					7FBE775118F6D20900A84455 = {
						TestTargetID = 7FBE773618F6D20900A84455;
					};
				};
			};
			buildConfigurationList = 7FBE773218F6D20900A84455 /* Build configuration list for PBXProject "GIRIcon" */;
			compatibilityVersion = "Xcode 3.2";
			developmentRegion = English;
			hasScannedForEncodings = 0;
			knownRegions = (
				en,
			);
			mainGroup = 7FBE772E18F6D20900A84455;
			productRefGroup = 7FBE773818F6D20900A84455 /* Products */;
			projectDirPath = "";
			projectRoot = "";
			targets = (
				7FBE773618F6D20900A84455 /* GIRIcon */,
				7FBE775118F6D20900A84455 /* GIRIconTests */,
			);
		};
/* End PBXProject section */

/* Begin PBXResourcesBuildPhase section */
		7FBE773518F6D20900A84455 /* Resources */ = {
			isa = PBXResourcesBuildPhase;
			buildActionMask = 2147483647;
			files = (
				7FBE774518F6D20900A84455 /* InfoPlist.strings in Resources */,
				7FBE774D18F6D20900A84455 /* Images.xcassets in Resources */,
			);
			runOnlyForDeploymentPostprocessing = 0;
		};
		7FBE775018F6D20900A84455 /* Resources */ = {
			isa = PBXResourcesBuildPhase;
			buildActionMask = 2147483647;
			files = (
				7FBE775E18F6D20900A84455 /* InfoPlist.strings in Resources */,
			);
			runOnlyForDeploymentPostprocessing = 0;
		};
/* End PBXResourcesBuildPhase section */

/* Begin PBXSourcesBuildPhase section */
		7FBE773318F6D20900A84455 /* Sources */ = {
			isa = PBXSourcesBuildPhase;
			buildActionMask = 2147483647;
			files = (
				7FBE774718F6D20900A84455 /* main.m in Sources */,
				7FBE774B18F6D20900A84455 /* ISHAppDelegate.m in Sources */,
			);
			runOnlyForDeploymentPostprocessing = 0;
		};
		7FBE774E18F6D20900A84455 /* Sources */ = {
			isa = PBXSourcesBuildPhase;
			buildActionMask = 2147483647;
			files = (
				7FBE776018F6D20900A84455 /* GIRIconTests.m in Sources */,
			);
			runOnlyForDeploymentPostprocessing = 0;
		};
/* End PBXSourcesBuildPhase section */

/* Begin PBXTargetDependency section */
		7FBE775818F6D20900A84455 /* PBXTargetDependency */ = {
			isa = PBXTargetDependency;
			target = 7FBE773618F6D20900A84455 /* GIRIcon */;
			targetProxy = 7FBE775718F6D20900A84455 /* PBXContainerItemProxy */;
		};
/* End PBXTargetDependency section */

/* Begin PBXVariantGroup section */
		7FBE774318F6D20900A84455 /* InfoPlist.strings */ = {
			isa = PBXVariantGroup;
			children = (
				7FBE774418F6D20900A84455 /* en */,
			);
			name = InfoPlist.strings;
			sourceTree = "<group>";
		};
		7FBE775C18F6D20900A84455 /* InfoPlist.strings */ = {
			isa = PBXVariantGroup;
			children = (
				7FBE775D18F6D20900A84455 /* en */,
			);
			name = InfoPlist.strings;
			sourceTree = "<group>";
		};
/* End PBXVariantGroup section */

/* Begin XCBuildConfiguration section */
		7FBE776118F6D20900A84455 /* Debug */ = {
			isa = XCBuildConfiguration;
			buildSettings = {
				ALWAYS_SEARCH_USER_PATHS = NO;
				CLANG_CXX_LANGUAGE_STANDARD = "gnu++0x";
				CLANG_CXX_LIBRARY = "libc++";
				CLANG_ENABLE_MODULES = YES;
				CLANG_ENABLE_OBJC_ARC = YES;
				CLANG_WARN_BOOL_CONVERSION = YES;
				CLANG_WARN_CONSTANT_CONVERSION = YES;
				CLANG_WARN_DIRECT_OBJC_ISA_USAGE = YES_ERROR;
				CLANG_WARN_EMPTY_BODY = YES;
				CLANG_WARN_ENUM_CONVERSION = YES;
				CLANG_WARN_INT_CONVERSION = YES;
				CLANG_WARN_OBJC_ROOT_CLASS = YES_ERROR;
				CLANG_WARN__DUPLICATE_METHOD_MATCH = YES;
				"CODE_SIGN_IDENTITY[sdk=iphoneos*]" = "iPhone Developer";
				COPY_PHASE_STRIP = NO;
				GCC_C_LANGUAGE_STANDARD = gnu99;
				GCC_DYNAMIC_NO_PIC = NO;
				GCC_OPTIMIZATION_LEVEL = 0;
				GCC_PREPROCESSOR_DEFINITIONS = (
					"DEBUG=1",
					"$(inherited)",
				);
				GCC_SYMBOLS_PRIVATE_EXTERN = NO;
				GCC_WARN_64_TO_32_BIT_CONVERSION = YES;
				GCC_WARN_ABOUT_RETURN_TYPE = YES_ERROR;
				GCC_WARN_UNDECLARED_SELECTOR = YES;
				GCC_WARN_UNINITIALIZED_AUTOS = YES_AGGRESSIVE;
				GCC_WARN_UNUSED_FUNCTION = YES;
				GCC_WARN_UNUSED_VARIABLE = YES;
				IPHONEOS_DEPLOYMENT_TARGET = 7.1;
				ONLY_ACTIVE_ARCH = YES;
				SDKROOT = iphoneos;
				TARGETED_DEVICE_FAMILY = 2;
			};
			name = Debug;
		};
		7FBE776218F6D20900A84455 /* Release */ = {
			isa = XCBuildConfiguration;
			buildSettings = {
				ALWAYS_SEARCH_USER_PATHS = NO;
				CLANG_CXX_LANGUAGE_STANDARD = "gnu++0x";
				CLANG_CXX_LIBRARY = "libc++";
				CLANG_ENABLE_MODULES = YES;
				CLANG_ENABLE_OBJC_ARC = YES;
				CLANG_WARN_BOOL_CONVERSION = YES;
				CLANG_WARN_CONSTANT_CONVERSION = YES;
				CLANG_WARN_DIRECT_OBJC_ISA_USAGE = YES_ERROR;
				CLANG_WARN_EMPTY_BODY = YES;
				CLANG_WARN_ENUM_CONVERSION = YES;
				CLANG_WARN_INT_CONVERSION = YES;
				CLANG_WARN_OBJC_ROOT_CLASS = YES_ERROR;
				CLANG_WARN__DUPLICATE_METHOD_MATCH = YES;
				"CODE_SIGN_IDENTITY[sdk=iphoneos*]" = "iPhone Developer";
				COPY_PHASE_STRIP = YES;
				ENABLE_NS_ASSERTIONS = NO;
				GCC_C_LANGUAGE_STANDARD = gnu99;
				GCC_WARN_64_TO_32_BIT_CONVERSION = YES;
				GCC_WARN_ABOUT_RETURN_TYPE = YES_ERROR;
				GCC_WARN_UNDECLARED_SELECTOR = YES;
				GCC_WARN_UNINITIALIZED_AUTOS = YES_AGGRESSIVE;
				GCC_WARN_UNUSED_FUNCTION = YES;
				GCC_WARN_UNUSED_VARIABLE = YES;
				IPHONEOS_DEPLOYMENT_TARGET = 7.1;
				SDKROOT = iphoneos;
				TARGETED_DEVICE_FAMILY = 2;
				VALIDATE_PRODUCT = YES;
			};
			name = Release;
		};
		7FBE776418F6D20900A84455 /* Debug */ = {
			isa = XCBuildConfiguration;
			buildSettings = {
				ASSETCATALOG_COMPILER_APPICON_NAME = AppIcon;
				ASSETCATALOG_COMPILER_LAUNCHIMAGE_NAME = LaunchImage;
				GCC_PRECOMPILE_PREFIX_HEADER = YES;
				GCC_PREFIX_HEADER = "GIRIcon/GIRIcon-Prefix.pch";
				INFOPLIST_FILE = "GIRIcon/GIRIcon-Info.plist";
				PRODUCT_NAME = "$(TARGET_NAME)";
				WRAPPER_EXTENSION = app;
			};
			name = Debug;
		};
		7FBE776518F6D20900A84455 /* Release */ = {
			isa = XCBuildConfiguration;
			buildSettings = {
				ASSETCATALOG_COMPILER_APPICON_NAME = AppIcon;
				ASSETCATALOG_COMPILER_LAUNCHIMAGE_NAME = LaunchImage;
				GCC_PRECOMPILE_PREFIX_HEADER = YES;
				GCC_PREFIX_HEADER = "GIRIcon/GIRIcon-Prefix.pch";
				INFOPLIST_FILE = "GIRIcon/GIRIcon-Info.plist";
				PRODUCT_NAME = "$(TARGET_NAME)";
				WRAPPER_EXTENSION = app;
			};
			name = Release;
		};
		7FBE776718F6D20900A84455 /* Debug */ = {
			isa = XCBuildConfiguration;
			buildSettings = {
				BUNDLE_LOADER = "$(BUILT_PRODUCTS_DIR)/GIRIcon.app/GIRIcon";
				FRAMEWORK_SEARCH_PATHS = (
					"$(SDKROOT)/Developer/Library/Frameworks",
					"$(inherited)",
					"$(DEVELOPER_FRAMEWORKS_DIR)",
				);
				GCC_PRECOMPILE_PREFIX_HEADER = YES;
				GCC_PREFIX_HEADER = "GIRIcon/GIRIcon-Prefix.pch";
				GCC_PREPROCESSOR_DEFINITIONS = (
					"DEBUG=1",
					"$(inherited)",
				);
				INFOPLIST_FILE = "GIRIconTests/GIRIconTests-Info.plist";
				PRODUCT_NAME = "$(TARGET_NAME)";
				TEST_HOST = "$(BUNDLE_LOADER)";
				WRAPPER_EXTENSION = xctest;
			};
			name = Debug;
		};
		7FBE776818F6D20900A84455 /* Release */ = {
			isa = XCBuildConfiguration;
			buildSettings = {
				BUNDLE_LOADER = "$(BUILT_PRODUCTS_DIR)/GIRIcon.app/GIRIcon";
				FRAMEWORK_SEARCH_PATHS = (
					"$(SDKROOT)/Developer/Library/Frameworks",
					"$(inherited)",
					"$(DEVELOPER_FRAMEWORKS_DIR)",
				);
				GCC_PRECOMPILE_PREFIX_HEADER = YES;
				GCC_PREFIX_HEADER = "GIRIcon/GIRIcon-Prefix.pch";
				INFOPLIST_FILE = "GIRIconTests/GIRIconTests-Info.plist";
				PRODUCT_NAME = "$(TARGET_NAME)";
				TEST_HOST = "$(BUNDLE_LOADER)";
				WRAPPER_EXTENSION = xctest;
			};
			name = Release;
		};
/* End XCBuildConfiguration section */

/* Begin XCConfigurationList section */
		7FBE773218F6D20900A84455 /* Build configuration list for PBXProject "GIRIcon" */ = {
			isa = XCConfigurationList;
			buildConfigurations = (
				7FBE776118F6D20900A84455 /* Debug */,
				7FBE776218F6D20900A84455 /* Release */,
			);
			defaultConfigurationIsVisible = 0;
			defaultConfigurationName = Release;
		};
		7FBE776318F6D20900A84455 /* Build configuration list for PBXNativeTarget "GIRIcon" */ = {
			isa = XCConfigurationList;
			buildConfigurations = (
				7FBE776418F6D20900A84455 /* Debug */,
				7FBE776518F6D20900A84455 /* Release */,
			);
			defaultConfigurationIsVisible = 0;
		};
		7FBE776618F6D20900A84455 /* Build configuration list for PBXNativeTarget "GIRIconTests" */ = {
			isa = XCConfigurationList;
			buildConfigurations = (
				7FBE776718F6D20900A84455 /* Debug */,
				7FBE776818F6D20900A84455 /* Release */,
			);
			defaultConfigurationIsVisible = 0;
		};
/* End XCConfigurationList section */
	};
	rootObject = 7FBE772F18F6D20900A84455 /* Project object */;
}
